
Microsoft Visual Studio Solution File, Format Version 12.00
# Visual Studio Version 17
VisualStudioVersion = 17.11.35312.102
MinimumVisualStudioVersion = 10.0.40219.1
Project("{9A19103F-16F7-4668-BE54-9A1E7A4F7556}") = "RwgpsIngesterApp", "RwgpsIngesterApp\RwgpsIngesterApp.csproj", "{DCFD97D1-25B3-4247-AAD0-FF03BD651755}"
EndProject
Project("{FAE04EC0-301F-11D3-BF4B-00C04F79EFBC}") = "RideWithGPSClient", "RideWithGPSClient\RideWithGPSClient.csproj", "{01C22FD4-20A1-4C2C-BA88-13432BB532EC}"
EndProject
Global
	GlobalSection(SolutionConfigurationPlatforms) = preSolution
		Debug|Any CPU = Debug|Any CPU
		Release|Any CPU = Release|Any CPU
	EndGlobalSection
	GlobalSection(ProjectConfigurationPlatforms) = postSolution
		{DCFD97D1-25B3-4247-AAD0-FF03BD651755}.Debug|Any CPU.ActiveCfg = Debug|Any CPU
		{DCFD97D1-25B3-4247-AAD0-FF03BD651755}.Debug|Any CPU.Build.0 = Debug|Any CPU
		{DCFD97D1-25B3-4247-AAD0-FF03BD651755}.Release|Any CPU.ActiveCfg = Release|Any CPU
		{DCFD97D1-25B3-4247-AAD0-FF03BD651755}.Release|Any CPU.Build.0 = Release|Any CPU
		{01C22FD4-20A1-4C2C-BA88-13432BB532EC}.Debug|Any CPU.ActiveCfg = Debug|Any CPU
		{01C22FD4-20A1-4C2C-BA88-13432BB532EC}.Debug|Any CPU.Build.0 = Debug|Any CPU
		{01C22FD4-20A1-4C2C-BA88-13432BB532EC}.Release|Any CPU.ActiveCfg = Release|Any CPU
		{01C22FD4-20A1-4C2C-BA88-13432BB532EC}.Release|Any CPU.Build.0 = Release|Any CPU
	EndGlobalSection
	GlobalSection(SolutionProperties) = preSolution
		HideSolutionNode = FALSE
	EndGlobalSection
	GlobalSection(ExtensibilityGlobals) = postSolution
		SolutionGuid = {0C5FD107-AE6B-4372-B663-0367D18A1243}
	EndGlobalSection
EndGlobal
